
Microsoft Visual Studio Solution File, Format Version 12.00
# Visual Studio 15
VisualStudioVersion = 15.0.27004.2009
MinimumVisualStudioVersion = 10.0.40219.1
Project("{FAE04EC0-301F-11D3-BF4B-00C04F79EFBC}") = "GHC.Pizza", "GHC.Pizza\GHC.Pizza.csproj", "{501477F0-7F35-4A68-8F9B-99DFD697F8AF}"
EndProject
Global
	GlobalSection(SolutionConfigurationPlatforms) = preSolution
		Debug|Any CPU = Debug|Any CPU
		Release|Any CPU = Release|Any CPU
	EndGlobalSection
	GlobalSection(ProjectConfigurationPlatforms) = postSolution
		{501477F0-7F35-4A68-8F9B-99DFD697F8AF}.Debug|Any CPU.ActiveCfg = Debug|Any CPU
		{501477F0-7F35-4A68-8F9B-99DFD697F8AF}.Debug|Any CPU.Build.0 = Debug|Any CPU
		{501477F0-7F35-4A68-8F9B-99DFD697F8AF}.Release|Any CPU.ActiveCfg = Release|Any CPU
		{501477F0-7F35-4A68-8F9B-99DFD697F8AF}.Release|Any CPU.Build.0 = Release|Any CPU
	EndGlobalSection
	GlobalSection(SolutionProperties) = preSolution
		HideSolutionNode = FALSE
	EndGlobalSection
	GlobalSection(ExtensibilityGlobals) = postSolution
		SolutionGuid = {A8FEF67A-CFC1-4135-99DF-A49AE554EFE5}
	EndGlobalSection
EndGlobal
